
Microsoft Visual Studio Solution File, Format Version 12.00
# Visual Studio Version 17
VisualStudioVersion = 17.3.32901.215
MinimumVisualStudioVersion = 10.0.40219.1
Project("{FAE04EC0-301F-11D3-BF4B-00C04F79EFBC}") = "Net_6_JWT_refresh_SALT_Pswd", "Net_6_JWT_refresh_SALT_Pswd\Net_6_JWT_refresh_SALT_Pswd.csproj", "{51685E6D-9AA4-4F4D-9AC1-39C64179D529}"
EndProject
Global
	GlobalSection(SolutionConfigurationPlatforms) = preSolution
		Debug|Any CPU = Debug|Any CPU
		Release|Any CPU = Release|Any CPU
	EndGlobalSection
	GlobalSection(ProjectConfigurationPlatforms) = postSolution
		{51685E6D-9AA4-4F4D-9AC1-39C64179D529}.Debug|Any CPU.ActiveCfg = Debug|Any CPU
		{51685E6D-9AA4-4F4D-9AC1-39C64179D529}.Debug|Any CPU.Build.0 = Debug|Any CPU
		{51685E6D-9AA4-4F4D-9AC1-39C64179D529}.Release|Any CPU.ActiveCfg = Release|Any CPU
		{51685E6D-9AA4-4F4D-9AC1-39C64179D529}.Release|Any CPU.Build.0 = Release|Any CPU
	EndGlobalSection
	GlobalSection(SolutionProperties) = preSolution
		HideSolutionNode = FALSE
	EndGlobalSection
	GlobalSection(ExtensibilityGlobals) = postSolution
		SolutionGuid = {64F4ADC3-5A34-43F8-B9B7-E1CF801C15E7}
	EndGlobalSection
EndGlobal
